
Microsoft Visual Studio Solution File, Format Version 12.00
# Visual Studio 15
VisualStudioVersion = 15.0.28307.102
MinimumVisualStudioVersion = 10.0.40219.1
Project("{2150E333-8FDC-42A3-9474-1A3956D46DE8}") = "Database", "Database", "{A04921B0-CBAC-415A-8DD9-228D3A227079}"
	ProjectSection(SolutionItems) = preProject
		Database\CatalogAppLocalDB.mdf = Database\CatalogAppLocalDB.mdf
		Database\CatalogAppLocalDB_log.ldf = Database\CatalogAppLocalDB_log.ldf
	EndProjectSection
EndProject
Project("{FAE04EC0-301F-11D3-BF4B-00C04F79EFBC}") = "Data", "Data\Data.csproj", "{9A1E10CD-C837-426E-BF82-DE883D502FF3}"
EndProject
Project("{2150E333-8FDC-42A3-9474-1A3956D46DE8}") = "Tools", "Tools", "{37723EA3-5F76-4FD9-924A-3B2476EBF46E}"
	ProjectSection(SolutionItems) = preProject
		Tools\rebulanyum.CatalogApp.snk = Tools\rebulanyum.CatalogApp.snk
	EndProjectSection
EndProject
Project("{FAE04EC0-301F-11D3-BF4B-00C04F79EFBC}") = "Business", "Business\Business.csproj", "{F2074AC2-95C4-496C-9C9F-F40B875C21A0}"
EndProject
Project("{FAE04EC0-301F-11D3-BF4B-00C04F79EFBC}") = "WebAPI", "WebAPI\WebAPI.csproj", "{6A6A5F7C-E404-41F0-B241-F0387B8A86CE}"
EndProject
Project("{FAE04EC0-301F-11D3-BF4B-00C04F79EFBC}") = "WebSite", "WebSite\WebSite.csproj", "{125B9C7B-20E9-4629-93EA-45BCEC31ADD7}"
EndProject
Project("{FAE04EC0-301F-11D3-BF4B-00C04F79EFBC}") = "Test", "Test\Test.csproj", "{8C351938-02FC-4A19-8DD0-38D33AF67428}"
EndProject
Global
	GlobalSection(SolutionConfigurationPlatforms) = preSolution
		Debug|Any CPU = Debug|Any CPU
		Release|Any CPU = Release|Any CPU
	EndGlobalSection
	GlobalSection(ProjectConfigurationPlatforms) = postSolution
		{9A1E10CD-C837-426E-BF82-DE883D502FF3}.Debug|Any CPU.ActiveCfg = Debug|Any CPU
		{9A1E10CD-C837-426E-BF82-DE883D502FF3}.Debug|Any CPU.Build.0 = Debug|Any CPU
		{9A1E10CD-C837-426E-BF82-DE883D502FF3}.Release|Any CPU.ActiveCfg = Release|Any CPU
		{9A1E10CD-C837-426E-BF82-DE883D502FF3}.Release|Any CPU.Build.0 = Release|Any CPU
		{F2074AC2-95C4-496C-9C9F-F40B875C21A0}.Debug|Any CPU.ActiveCfg = Debug|Any CPU
		{F2074AC2-95C4-496C-9C9F-F40B875C21A0}.Debug|Any CPU.Build.0 = Debug|Any CPU
		{F2074AC2-95C4-496C-9C9F-F40B875C21A0}.Release|Any CPU.ActiveCfg = Release|Any CPU
		{F2074AC2-95C4-496C-9C9F-F40B875C21A0}.Release|Any CPU.Build.0 = Release|Any CPU
		{6A6A5F7C-E404-41F0-B241-F0387B8A86CE}.Debug|Any CPU.ActiveCfg = Debug|Any CPU
		{6A6A5F7C-E404-41F0-B241-F0387B8A86CE}.Debug|Any CPU.Build.0 = Debug|Any CPU
		{6A6A5F7C-E404-41F0-B241-F0387B8A86CE}.Release|Any CPU.ActiveCfg = Release|Any CPU
		{6A6A5F7C-E404-41F0-B241-F0387B8A86CE}.Release|Any CPU.Build.0 = Release|Any CPU
		{125B9C7B-20E9-4629-93EA-45BCEC31ADD7}.Debug|Any CPU.ActiveCfg = Debug|Any CPU
		{125B9C7B-20E9-4629-93EA-45BCEC31ADD7}.Debug|Any CPU.Build.0 = Debug|Any CPU
		{125B9C7B-20E9-4629-93EA-45BCEC31ADD7}.Release|Any CPU.ActiveCfg = Release|Any CPU
		{125B9C7B-20E9-4629-93EA-45BCEC31ADD7}.Release|Any CPU.Build.0 = Release|Any CPU
		{8C351938-02FC-4A19-8DD0-38D33AF67428}.Debug|Any CPU.ActiveCfg = Debug|Any CPU
		{8C351938-02FC-4A19-8DD0-38D33AF67428}.Debug|Any CPU.Build.0 = Debug|Any CPU
		{8C351938-02FC-4A19-8DD0-38D33AF67428}.Release|Any CPU.ActiveCfg = Release|Any CPU
		{8C351938-02FC-4A19-8DD0-38D33AF67428}.Release|Any CPU.Build.0 = Release|Any CPU
	EndGlobalSection
	GlobalSection(SolutionProperties) = preSolution
		HideSolutionNode = FALSE
	EndGlobalSection
	GlobalSection(ExtensibilityGlobals) = postSolution
		SolutionGuid = {A4C78418-3CEF-43C0-8FF8-BD1CBB84C73B}
	EndGlobalSection
EndGlobal
